
Microsoft Visual Studio Solution File, Format Version 12.00
# Visual Studio Version 17
VisualStudioVersion = 17.14.36310.24 d17.14
MinimumVisualStudioVersion = 10.0.40219.1
Project("{FAE04EC0-301F-11D3-BF4B-00C04F79EFBC}") = "ConfigurationUsingApp", "ConfigurationUsingApp\ConfigurationUsingApp.csproj", "{3C45AE99-4A8C-4616-996A-E20A2C872CBC}"
EndProject
Global
	GlobalSection(SolutionConfigurationPlatforms) = preSolution
		Debug|Any CPU = Debug|Any CPU
		Release|Any CPU = Release|Any CPU
	EndGlobalSection
	GlobalSection(ProjectConfigurationPlatforms) = postSolution
		{3C45AE99-4A8C-4616-996A-E20A2C872CBC}.Debug|Any CPU.ActiveCfg = Debug|Any CPU
		{3C45AE99-4A8C-4616-996A-E20A2C872CBC}.Debug|Any CPU.Build.0 = Debug|Any CPU
		{3C45AE99-4A8C-4616-996A-E20A2C872CBC}.Release|Any CPU.ActiveCfg = Release|Any CPU
		{3C45AE99-4A8C-4616-996A-E20A2C872CBC}.Release|Any CPU.Build.0 = Release|Any CPU
	EndGlobalSection
	GlobalSection(SolutionProperties) = preSolution
		HideSolutionNode = FALSE
	EndGlobalSection
	GlobalSection(ExtensibilityGlobals) = postSolution
		SolutionGuid = {C2295A65-A113-4F45-95B6-0E5142BEED26}
	EndGlobalSection
EndGlobal
